// !$*UTF8*$!
{
	archiveVersion = 1;
	classes = {
	};
	objectVersion = 50;
	objects = {

/* Begin PBXBuildFile section */
		C9FF5E6F20B3F967000749D9 /* AppDelegate.swift in Sources */ = {isa = PBXBuildFile; fileRef = C9FF5E6E20B3F967000749D9 /* AppDelegate.swift */; };
		C9FF5E7120B3F968000749D9 /* ViewController.swift in Sources */ = {isa = PBXBuildFile; fileRef = C9FF5E7020B3F968000749D9 /* ViewController.swift */; };
		C9FF5E7420B3F968000749D9 /* Main.storyboard in Resources */ = {isa = PBXBuildFile; fileRef = C9FF5E7220B3F968000749D9 /* Main.storyboard */; };
		C9FF5E7620B3F969000749D9 /* Assets.xcassets in Resources */ = {isa = PBXBuildFile; fileRef = C9FF5E7520B3F969000749D9 /* Assets.xcassets */; };
		C9FF5E7920B3F969000749D9 /* LaunchScreen.storyboard in Resources */ = {isa = PBXBuildFile; fileRef = C9FF5E7720B3F969000749D9 /* LaunchScreen.storyboard */; };
		C9FF5E8220B3FA97000749D9 /* UIColor+HEXString.swift in Sources */ = {isa = PBXBuildFile; fileRef = C9FF5E8020B3FA97000749D9 /* UIColor+HEXString.swift */; };
		C9FF5E8320B3FA97000749D9 /* UIView+Constraint.swift in Sources */ = {isa = PBXBuildFile; fileRef = C9FF5E8120B3FA97000749D9 /* UIView+Constraint.swift */; };
/* End PBXBuildFile section */

/* Begin PBXFileReference section */
		C9FF5E6B20B3F967000749D9 /* PropertyAnimator.app */ = {isa = PBXFileReference; explicitFileType = wrapper.application; includeInIndex = 0; path = PropertyAnimator.app; sourceTree = BUILT_PRODUCTS_DIR; };
		C9FF5E6E20B3F967000749D9 /* AppDelegate.swift */ = {isa = PBXFileReference; lastKnownFileType = sourcecode.swift; path = AppDelegate.swift; sourceTree = "<group>"; };
		C9FF5E7020B3F968000749D9 /* ViewController.swift */ = {isa = PBXFileReference; lastKnownFileType = sourcecode.swift; path = ViewController.swift; sourceTree = "<group>"; };
		C9FF5E7320B3F968000749D9 /* Base */ = {isa = PBXFileReference; lastKnownFileType = file.storyboard; name = Base; path = Base.lproj/Main.storyboard; sourceTree = "<group>"; };
		C9FF5E7520B3F969000749D9 /* Assets.xcassets */ = {isa = PBXFileReference; lastKnownFileType = folder.assetcatalog; path = Assets.xcassets; sourceTree = "<group>"; };
		C9FF5E7820B3F969000749D9 /* Base */ = {isa = PBXFileReference; lastKnownFileType = file.storyboard; name = Base; path = Base.lproj/LaunchScreen.storyboard; sourceTree = "<group>"; };
		C9FF5E7A20B3F969000749D9 /* Info.plist */ = {isa = PBXFileReference; lastKnownFileType = text.plist.xml; path = Info.plist; sourceTree = "<group>"; };
		C9FF5E8020B3FA97000749D9 /* UIColor+HEXString.swift */ = {isa = PBXFileReference; fileEncoding = 4; lastKnownFileType = sourcecode.swift; path = "UIColor+HEXString.swift"; sourceTree = "<group>"; };
		C9FF5E8120B3FA97000749D9 /* UIView+Constraint.swift */ = {isa = PBXFileReference; fileEncoding = 4; lastKnownFileType = sourcecode.swift; path = "UIView+Constraint.swift"; sourceTree = "<group>"; };
/* End PBXFileReference section */

/* Begin PBXFrameworksBuildPhase section */
		C9FF5E6820B3F967000749D9 /* Frameworks */ = {
			isa = PBXFrameworksBuildPhase;
			buildActionMask = 2147483647;
			files = (
			);
			runOnlyForDeploymentPostprocessing = 0;
		};
/* End PBXFrameworksBuildPhase section */

/* Begin PBXGroup section */
		C9FF5E6220B3F967000749D9 = {
			isa = PBXGroup;
			children = (
				C9FF5E6D20B3F967000749D9 /* PropertyAnimator */,
				C9FF5E6C20B3F967000749D9 /* Products */,
			);
			sourceTree = "<group>";
		};
		C9FF5E6C20B3F967000749D9 /* Products */ = {
			isa = PBXGroup;
			children = (
				C9FF5E6B20B3F967000749D9 /* PropertyAnimator.app */,
			);
			name = Products;
			sourceTree = "<group>";
		};
		C9FF5E6D20B3F967000749D9 /* PropertyAnimator */ = {
			isa = PBXGroup;
			children = (
				C9FF5E6E20B3F967000749D9 /* AppDelegate.swift */,
				C9FF5E7020B3F968000749D9 /* ViewController.swift */,
				C9FF5E8020B3FA97000749D9 /* UIColor+HEXString.swift */,
				C9FF5E8120B3FA97000749D9 /* UIView+Constraint.swift */,
				C9FF5E7220B3F968000749D9 /* Main.storyboard */,
				C9FF5E7520B3F969000749D9 /* Assets.xcassets */,
				C9FF5E7720B3F969000749D9 /* LaunchScreen.storyboard */,
				C9FF5E7A20B3F969000749D9 /* Info.plist */,
			);
			path = PropertyAnimator;
			sourceTree = "<group>";
		};
/* End PBXGroup section */

/* Begin PBXNativeTarget section */
		C9FF5E6A20B3F967000749D9 /* PropertyAnimator */ = {
			isa = PBXNativeTarget;
			buildConfigurationList = C9FF5E7D20B3F969000749D9 /* Build configuration list for PBXNativeTarget "PropertyAnimator" */;
			buildPhases = (
				C9FF5E6720B3F967000749D9 /* Sources */,
				C9FF5E6820B3F967000749D9 /* Frameworks */,
				C9FF5E6920B3F967000749D9 /* Resources */,
			);
			buildRules = (
			);
			dependencies = (
			);
			name = PropertyAnimator;
			productName = PropertyAnimator;
			productReference = C9FF5E6B20B3F967000749D9 /* PropertyAnimator.app */;
			productType = "com.apple.product-type.application";
		};
/* End PBXNativeTarget section */

/* Begin PBXProject section */
		C9FF5E6320B3F967000749D9 /* Project object */ = {
			isa = PBXProject;
			attributes = {
				LastSwiftUpdateCheck = 0930;
				LastUpgradeCheck = 0930;
				ORGANIZATIONNAME = TTSY;
				TargetAttributes = {
					C9FF5E6A20B3F967000749D9 = {
						CreatedOnToolsVersion = 9.3;
					};
				};
			};
			buildConfigurationList = C9FF5E6620B3F967000749D9 /* Build configuration list for PBXProject "PropertyAnimator" */;
			compatibilityVersion = "Xcode 9.3";
			developmentRegion = en;
			hasScannedForEncodings = 0;
			knownRegions = (
				en,
				Base,
			);
			mainGroup = C9FF5E6220B3F967000749D9;
			productRefGroup = C9FF5E6C20B3F967000749D9 /* Products */;
			projectDirPath = "";
			projectRoot = "";
			targets = (
				C9FF5E6A20B3F967000749D9 /* PropertyAnimator */,
			);
		};
/* End PBXProject section */

/* Begin PBXResourcesBuildPhase section */
		C9FF5E6920B3F967000749D9 /* Resources */ = {
			isa = PBXResourcesBuildPhase;
			buildActionMask = 2147483647;
			files = (
				C9FF5E7920B3F969000749D9 /* LaunchScreen.storyboard in Resources */,
				C9FF5E7620B3F969000749D9 /* Assets.xcassets in Resources */,
				C9FF5E7420B3F968000749D9 /* Main.storyboard in Resources */,
			);
			runOnlyForDeploymentPostprocessing = 0;
		};
/* End PBXResourcesBuildPhase section */

/* Begin PBXSourcesBuildPhase section */
		C9FF5E6720B3F967000749D9 /* Sources */ = {
			isa = PBXSourcesBuildPhase;
			buildActionMask = 2147483647;
			files = (
				C9FF5E8220B3FA97000749D9 /* UIColor+HEXString.swift in Sources */,
				C9FF5E7120B3F968000749D9 /* ViewController.swift in Sources */,
				C9FF5E6F20B3F967000749D9 /* AppDelegate.swift in Sources */,
				C9FF5E8320B3FA97000749D9 /* UIView+Constraint.swift in Sources */,
			);
			runOnlyForDeploymentPostprocessing = 0;
		};
/* End PBXSourcesBuildPhase section */

/* Begin PBXVariantGroup section */
		C9FF5E7220B3F968000749D9 /* Main.storyboard */ = {
			isa = PBXVariantGroup;
			children = (
				C9FF5E7320B3F968000749D9 /* Base */,
			);
			name = Main.storyboard;
			sourceTree = "<group>";
		};
		C9FF5E7720B3F969000749D9 /* LaunchScreen.storyboard */ = {
			isa = PBXVariantGroup;
			children = (
				C9FF5E7820B3F969000749D9 /* Base */,
			);
			name = LaunchScreen.storyboard;
			sourceTree = "<group>";
		};
/* End PBXVariantGroup section */

/* Begin XCBuildConfiguration section */
		C9FF5E7B20B3F969000749D9 /* Debug */ = {
			isa = XCBuildConfiguration;
			buildSettings = {
				ALWAYS_SEARCH_USER_PATHS = NO;
				CLANG_ANALYZER_NONNULL = YES;
				CLANG_ANALYZER_NUMBER_OBJECT_CONVERSION = YES_AGGRESSIVE;
				CLANG_CXX_LANGUAGE_STANDARD = "gnu++14";
				CLANG_CXX_LIBRARY = "libc++";
				CLANG_ENABLE_MODULES = YES;
				CLANG_ENABLE_OBJC_ARC = YES;
				CLANG_ENABLE_OBJC_WEAK = YES;
				CLANG_WARN_BLOCK_CAPTURE_AUTORELEASING = YES;
				CLANG_WARN_BOOL_CONVERSION = YES;
				CLANG_WARN_COMMA = YES;
				CLANG_WARN_CONSTANT_CONVERSION = YES;
				CLANG_WARN_DEPRECATED_OBJC_IMPLEMENTATIONS = YES;
				CLANG_WARN_DIRECT_OBJC_ISA_USAGE = YES_ERROR;
				CLANG_WARN_DOCUMENTATION_COMMENTS = YES;
				CLANG_WARN_EMPTY_BODY = YES;
				CLANG_WARN_ENUM_CONVERSION = YES;
				CLANG_WARN_INFINITE_RECURSION = YES;
				CLANG_WARN_INT_CONVERSION = YES;
				CLANG_WARN_NON_LITERAL_NULL_CONVERSION = YES;
				CLANG_WARN_OBJC_IMPLICIT_RETAIN_SELF = YES;
				CLANG_WARN_OBJC_LITERAL_CONVERSION = YES;
				CLANG_WARN_OBJC_ROOT_CLASS = YES_ERROR;
				CLANG_WARN_RANGE_LOOP_ANALYSIS = YES;
				CLANG_WARN_STRICT_PROTOTYPES = YES;
				CLANG_WARN_SUSPICIOUS_MOVE = YES;
				CLANG_WARN_UNGUARDED_AVAILABILITY = YES_AGGRESSIVE;
				CLANG_WARN_UNREACHABLE_CODE = YES;
				CLANG_WARN__DUPLICATE_METHOD_MATCH = YES;
				CODE_SIGN_IDENTITY = "iPhone Developer";
				COPY_PHASE_STRIP = NO;
				DEBUG_INFORMATION_FORMAT = dwarf;
				ENABLE_STRICT_OBJC_MSGSEND = YES;
				ENABLE_TESTABILITY = YES;
				GCC_C_LANGUAGE_STANDARD = gnu11;
				GCC_DYNAMIC_NO_PIC = NO;
				GCC_NO_COMMON_BLOCKS = YES;
				GCC_OPTIMIZATION_LEVEL = 0;
				GCC_PREPROCESSOR_DEFINITIONS = (
					"DEBUG=1",
					"$(inherited)",
				);
				GCC_WARN_64_TO_32_BIT_CONVERSION = YES;
				GCC_WARN_ABOUT_RETURN_TYPE = YES_ERROR;
				GCC_WARN_UNDECLARED_SELECTOR = YES;
				GCC_WARN_UNINITIALIZED_AUTOS = YES_AGGRESSIVE;
				GCC_WARN_UNUSED_FUNCTION = YES;
				GCC_WARN_UNUSED_VARIABLE = YES;
				IPHONEOS_DEPLOYMENT_TARGET = 11.3;
				MTL_ENABLE_DEBUG_INFO = YES;
				ONLY_ACTIVE_ARCH = YES;
				SDKROOT = iphoneos;
				SWIFT_ACTIVE_COMPILATION_CONDITIONS = DEBUG;
				SWIFT_OPTIMIZATION_LEVEL = "-Onone";
			};
			name = Debug;
		};
		C9FF5E7C20B3F969000749D9 /* Release */ = {
			isa = XCBuildConfiguration;
			buildSettings = {
				ALWAYS_SEARCH_USER_PATHS = NO;
				CLANG_ANALYZER_NONNULL = YES;
				CLANG_ANALYZER_NUMBER_OBJECT_CONVERSION = YES_AGGRESSIVE;
				CLANG_CXX_LANGUAGE_STANDARD = "gnu++14";
				CLANG_CXX_LIBRARY = "libc++";
				CLANG_ENABLE_MODULES = YES;
				CLANG_ENABLE_OBJC_ARC = YES;
				CLANG_ENABLE_OBJC_WEAK = YES;
				CLANG_WARN_BLOCK_CAPTURE_AUTORELEASING = YES;
				CLANG_WARN_BOOL_CONVERSION = YES;
				CLANG_WARN_COMMA = YES;
				CLANG_WARN_CONSTANT_CONVERSION = YES;
				CLANG_WARN_DEPRECATED_OBJC_IMPLEMENTATIONS = YES;
				CLANG_WARN_DIRECT_OBJC_ISA_USAGE = YES_ERROR;
				CLANG_WARN_DOCUMENTATION_COMMENTS = YES;
				CLANG_WARN_EMPTY_BODY = YES;
				CLANG_WARN_ENUM_CONVERSION = YES;
				CLANG_WARN_INFINITE_RECURSION = YES;
				CLANG_WARN_INT_CONVERSION = YES;
				CLANG_WARN_NON_LITERAL_NULL_CONVERSION = YES;
				CLANG_WARN_OBJC_IMPLICIT_RETAIN_SELF = YES;
				CLANG_WARN_OBJC_LITERAL_CONVERSION = YES;
				CLANG_WARN_OBJC_ROOT_CLASS = YES_ERROR;
				CLANG_WARN_RANGE_LOOP_ANALYSIS = YES;
				CLANG_WARN_STRICT_PROTOTYPES = YES;
				CLANG_WARN_SUSPICIOUS_MOVE = YES;
				CLANG_WARN_UNGUARDED_AVAILABILITY = YES_AGGRESSIVE;
				CLANG_WARN_UNREACHABLE_CODE = YES;
				CLANG_WARN__DUPLICATE_METHOD_MATCH = YES;
				CODE_SIGN_IDENTITY = "iPhone Developer";
				COPY_PHASE_STRIP = NO;
				DEBUG_INFORMATION_FORMAT = "dwarf-with-dsym";
				ENABLE_NS_ASSERTIONS = NO;
				ENABLE_STRICT_OBJC_MSGSEND = YES;
				GCC_C_LANGUAGE_STANDARD = gnu11;
				GCC_NO_COMMON_BLOCKS = YES;
				GCC_WARN_64_TO_32_BIT_CONVERSION = YES;
				GCC_WARN_ABOUT_RETURN_TYPE = YES_ERROR;
				GCC_WARN_UNDECLARED_SELECTOR = YES;
				GCC_WARN_UNINITIALIZED_AUTOS = YES_AGGRESSIVE;
				GCC_WARN_UNUSED_FUNCTION = YES;
				GCC_WARN_UNUSED_VARIABLE = YES;
				IPHONEOS_DEPLOYMENT_TARGET = 11.3;
				MTL_ENABLE_DEBUG_INFO = NO;
				SDKROOT = iphoneos;
				SWIFT_COMPILATION_MODE = wholemodule;
				SWIFT_OPTIMIZATION_LEVEL = "-O";
				VALIDATE_PRODUCT = YES;
			};
			name = Release;
		};
		C9FF5E7E20B3F969000749D9 /* Debug */ = {
			isa = XCBuildConfiguration;
			buildSettings = {
				ASSETCATALOG_COMPILER_APPICON_NAME = AppIcon;
				CODE_SIGN_STYLE = Automatic;
				INFOPLIST_FILE = PropertyAnimator/Info.plist;
				LD_RUNPATH_SEARCH_PATHS = (
					"$(inherited)",
					"@executable_path/Frameworks",
				);
				PRODUCT_BUNDLE_IDENTIFIER = com.ttsy.PropertyAnimator;
				PRODUCT_NAME = "$(TARGET_NAME)";
				SWIFT_VERSION = 4.0;
				TARGETED_DEVICE_FAMILY = "1,2";
			};
			name = Debug;
		};
		C9FF5E7F20B3F969000749D9 /* Release */ = {
			isa = XCBuildConfiguration;
			buildSettings = {
				ASSETCATALOG_COMPILER_APPICON_NAME = AppIcon;
				CODE_SIGN_STYLE = Automatic;
				INFOPLIST_FILE = PropertyAnimator/Info.plist;
				LD_RUNPATH_SEARCH_PATHS = (
					"$(inherited)",
					"@executable_path/Frameworks",
				);
				PRODUCT_BUNDLE_IDENTIFIER = com.ttsy.PropertyAnimator;
				PRODUCT_NAME = "$(TARGET_NAME)";
				SWIFT_VERSION = 4.0;
				TARGETED_DEVICE_FAMILY = "1,2";
			};
			name = Release;
		};
/* End XCBuildConfiguration section */

/* Begin XCConfigurationList section */
		C9FF5E6620B3F967000749D9 /* Build configuration list for PBXProject "PropertyAnimator" */ = {
			isa = XCConfigurationList;
			buildConfigurations = (
				C9FF5E7B20B3F969000749D9 /* Debug */,
				C9FF5E7C20B3F969000749D9 /* Release */,
			);
			defaultConfigurationIsVisible = 0;
			defaultConfigurationName = Release;
		};
		C9FF5E7D20B3F969000749D9 /* Build configuration list for PBXNativeTarget "PropertyAnimator" */ = {
			isa = XCConfigurationList;
			buildConfigurations = (
				C9FF5E7E20B3F969000749D9 /* Debug */,
				C9FF5E7F20B3F969000749D9 /* Release */,
			);
			defaultConfigurationIsVisible = 0;
			defaultConfigurationName = Release;
		};
/* End XCConfigurationList section */
	};
	rootObject = C9FF5E6320B3F967000749D9 /* Project object */;
}
